
Microsoft Visual Studio Solution File, Format Version 12.00
# Visual Studio 15
VisualStudioVersion = 15.0.27130.2020
MinimumVisualStudioVersion = 10.0.40219.1
Project("{FAE04EC0-301F-11D3-BF4B-00C04F79EFBC}") = "1-PrimeiroProjeto", "1-PrimeiroProjeto\1-PrimeiroProjeto.csproj", "{0998FDD0-5ADF-4652-86E1-03ABA2017DA4}"
EndProject
Project("{FAE04EC0-301F-11D3-BF4B-00C04F79EFBC}") = "2-CriandoVariaveis", "CriandoVariaveis\2-CriandoVariaveis.csproj", "{E51DE5C9-51A0-4B56-871A-35E76E8CC574}"
EndProject
Project("{FAE04EC0-301F-11D3-BF4B-00C04F79EFBC}") = "3-CriandoVariaveisPontoFlutuante", "3-CriandoVariaveisPontoFlutuante\3-CriandoVariaveisPontoFlutuante.csproj", "{75BF9B39-A4D3-464D-B447-D9AD1A074ECD}"
EndProject
Project("{FAE04EC0-301F-11D3-BF4B-00C04F79EFBC}") = "4-ConversoesEOutrosTiposNumericos", "4-ConversoesEOutrosTiposNumericos\4-ConversoesEOutrosTiposNumericos.csproj", "{E50F196A-62CC-41D2-A3E0-1B84EB69E702}"
EndProject
Project("{FAE04EC0-301F-11D3-BF4B-00C04F79EFBC}") = "5-CaracteresETextos", "5-CaracteresETextos\5-CaracteresETextos.csproj", "{F1199832-3694-4BF5-93F8-954D603252C9}"
EndProject
Project("{FAE04EC0-301F-11D3-BF4B-00C04F79EFBC}") = "6-AtribuicoesDeValores", "6-AtribuicoesDeValores\6-AtribuicoesDeValores.csproj", "{E35E7FA6-E42D-43CF-A45F-5D76DD00415F}"
EndProject
Project("{FAE04EC0-301F-11D3-BF4B-00C04F79EFBC}") = "7-Condicionais", "7-Condicionais\7-Condicionais.csproj", "{F3030C39-620A-4FAA-AC40-E7CC48C0EB50}"
EndProject
Project("{FAE04EC0-301F-11D3-BF4B-00C04F79EFBC}") = "8-Condicionais2", "8-Condicionais2\8-Condicionais2.csproj", "{F7BF813D-7AFE-4CC3-BF93-E29528C0B260}"
EndProject
Project("{FAE04EC0-301F-11D3-BF4B-00C04F79EFBC}") = "9-Escopo", "9-Escopo\9-Escopo.csproj", "{D0CA6F57-7BA1-4B5A-A5D9-0386F927C9E5}"
EndProject
Project("{FAE04EC0-301F-11D3-BF4B-00C04F79EFBC}") = "TestaCondicional2", "TestaCondicional2\TestaCondicional2.csproj", "{D95C0F18-B2A6-4964-8BCB-FC68E6CE155B}"
EndProject
Project("{FAE04EC0-301F-11D3-BF4B-00C04F79EFBC}") = "TestaEscopo", "TestaEscopo\TestaEscopo.csproj", "{B335C255-E560-4C79-A9CC-46288BD52FC4}"
EndProject
Project("{FAE04EC0-301F-11D3-BF4B-00C04F79EFBC}") = "ImpostoDeRenda", "ImpostoDeRenda\ImpostoDeRenda.csproj", "{6B70F2AE-AE50-4592-B871-CF123C5106B1}"
EndProject
Project("{FAE04EC0-301F-11D3-BF4B-00C04F79EFBC}") = "NomeMes", "NomeMes\NomeMes.csproj", "{AA30CB1C-0C21-4FD3-AF88-B07694D46D8E}"
EndProject
Project("{FAE04EC0-301F-11D3-BF4B-00C04F79EFBC}") = "P10-CalculaPoupanca", "P10-CalculaPoupanca\P10-CalculaPoupanca.csproj", "{0959DAF7-DDCC-4930-B769-1205FA211DC2}"
EndProject
Global
	GlobalSection(SolutionConfigurationPlatforms) = preSolution
		Debug|Any CPU = Debug|Any CPU
		Release|Any CPU = Release|Any CPU
	EndGlobalSection
	GlobalSection(ProjectConfigurationPlatforms) = postSolution
		{0998FDD0-5ADF-4652-86E1-03ABA2017DA4}.Debug|Any CPU.ActiveCfg = Debug|Any CPU
		{0998FDD0-5ADF-4652-86E1-03ABA2017DA4}.Debug|Any CPU.Build.0 = Debug|Any CPU
		{0998FDD0-5ADF-4652-86E1-03ABA2017DA4}.Release|Any CPU.ActiveCfg = Release|Any CPU
		{0998FDD0-5ADF-4652-86E1-03ABA2017DA4}.Release|Any CPU.Build.0 = Release|Any CPU
		{E51DE5C9-51A0-4B56-871A-35E76E8CC574}.Debug|Any CPU.ActiveCfg = Debug|Any CPU
		{E51DE5C9-51A0-4B56-871A-35E76E8CC574}.Debug|Any CPU.Build.0 = Debug|Any CPU
		{E51DE5C9-51A0-4B56-871A-35E76E8CC574}.Release|Any CPU.ActiveCfg = Release|Any CPU
		{E51DE5C9-51A0-4B56-871A-35E76E8CC574}.Release|Any CPU.Build.0 = Release|Any CPU
		{75BF9B39-A4D3-464D-B447-D9AD1A074ECD}.Debug|Any CPU.ActiveCfg = Debug|Any CPU
		{75BF9B39-A4D3-464D-B447-D9AD1A074ECD}.Debug|Any CPU.Build.0 = Debug|Any CPU
		{75BF9B39-A4D3-464D-B447-D9AD1A074ECD}.Release|Any CPU.ActiveCfg = Release|Any CPU
		{75BF9B39-A4D3-464D-B447-D9AD1A074ECD}.Release|Any CPU.Build.0 = Release|Any CPU
		{E50F196A-62CC-41D2-A3E0-1B84EB69E702}.Debug|Any CPU.ActiveCfg = Debug|Any CPU
		{E50F196A-62CC-41D2-A3E0-1B84EB69E702}.Debug|Any CPU.Build.0 = Debug|Any CPU
		{E50F196A-62CC-41D2-A3E0-1B84EB69E702}.Release|Any CPU.ActiveCfg = Release|Any CPU
		{E50F196A-62CC-41D2-A3E0-1B84EB69E702}.Release|Any CPU.Build.0 = Release|Any CPU
		{F1199832-3694-4BF5-93F8-954D603252C9}.Debug|Any CPU.ActiveCfg = Debug|Any CPU
		{F1199832-3694-4BF5-93F8-954D603252C9}.Debug|Any CPU.Build.0 = Debug|Any CPU
		{F1199832-3694-4BF5-93F8-954D603252C9}.Release|Any CPU.ActiveCfg = Release|Any CPU
		{F1199832-3694-4BF5-93F8-954D603252C9}.Release|Any CPU.Build.0 = Release|Any CPU
		{E35E7FA6-E42D-43CF-A45F-5D76DD00415F}.Debug|Any CPU.ActiveCfg = Debug|Any CPU
		{E35E7FA6-E42D-43CF-A45F-5D76DD00415F}.Debug|Any CPU.Build.0 = Debug|Any CPU
		{E35E7FA6-E42D-43CF-A45F-5D76DD00415F}.Release|Any CPU.ActiveCfg = Release|Any CPU
		{E35E7FA6-E42D-43CF-A45F-5D76DD00415F}.Release|Any CPU.Build.0 = Release|Any CPU
		{F3030C39-620A-4FAA-AC40-E7CC48C0EB50}.Debug|Any CPU.ActiveCfg = Debug|Any CPU
		{F3030C39-620A-4FAA-AC40-E7CC48C0EB50}.Debug|Any CPU.Build.0 = Debug|Any CPU
		{F3030C39-620A-4FAA-AC40-E7CC48C0EB50}.Release|Any CPU.ActiveCfg = Release|Any CPU
		{F3030C39-620A-4FAA-AC40-E7CC48C0EB50}.Release|Any CPU.Build.0 = Release|Any CPU
		{F7BF813D-7AFE-4CC3-BF93-E29528C0B260}.Debug|Any CPU.ActiveCfg = Debug|Any CPU
		{F7BF813D-7AFE-4CC3-BF93-E29528C0B260}.Debug|Any CPU.Build.0 = Debug|Any CPU
		{F7BF813D-7AFE-4CC3-BF93-E29528C0B260}.Release|Any CPU.ActiveCfg = Release|Any CPU
		{F7BF813D-7AFE-4CC3-BF93-E29528C0B260}.Release|Any CPU.Build.0 = Release|Any CPU
		{D0CA6F57-7BA1-4B5A-A5D9-0386F927C9E5}.Debug|Any CPU.ActiveCfg = Debug|Any CPU
		{D0CA6F57-7BA1-4B5A-A5D9-0386F927C9E5}.Debug|Any CPU.Build.0 = Debug|Any CPU
		{D0CA6F57-7BA1-4B5A-A5D9-0386F927C9E5}.Release|Any CPU.ActiveCfg = Release|Any CPU
		{D0CA6F57-7BA1-4B5A-A5D9-0386F927C9E5}.Release|Any CPU.Build.0 = Release|Any CPU
		{D95C0F18-B2A6-4964-8BCB-FC68E6CE155B}.Debug|Any CPU.ActiveCfg = Debug|Any CPU
		{D95C0F18-B2A6-4964-8BCB-FC68E6CE155B}.Debug|Any CPU.Build.0 = Debug|Any CPU
		{D95C0F18-B2A6-4964-8BCB-FC68E6CE155B}.Release|Any CPU.ActiveCfg = Release|Any CPU
		{D95C0F18-B2A6-4964-8BCB-FC68E6CE155B}.Release|Any CPU.Build.0 = Release|Any CPU
		{B335C255-E560-4C79-A9CC-46288BD52FC4}.Debug|Any CPU.ActiveCfg = Debug|Any CPU
		{B335C255-E560-4C79-A9CC-46288BD52FC4}.Debug|Any CPU.Build.0 = Debug|Any CPU
		{B335C255-E560-4C79-A9CC-46288BD52FC4}.Release|Any CPU.ActiveCfg = Release|Any CPU
		{B335C255-E560-4C79-A9CC-46288BD52FC4}.Release|Any CPU.Build.0 = Release|Any CPU
		{6B70F2AE-AE50-4592-B871-CF123C5106B1}.Debug|Any CPU.ActiveCfg = Debug|Any CPU
		{6B70F2AE-AE50-4592-B871-CF123C5106B1}.Debug|Any CPU.Build.0 = Debug|Any CPU
		{6B70F2AE-AE50-4592-B871-CF123C5106B1}.Release|Any CPU.ActiveCfg = Release|Any CPU
		{6B70F2AE-AE50-4592-B871-CF123C5106B1}.Release|Any CPU.Build.0 = Release|Any CPU
		{AA30CB1C-0C21-4FD3-AF88-B07694D46D8E}.Debug|Any CPU.ActiveCfg = Debug|Any CPU
		{AA30CB1C-0C21-4FD3-AF88-B07694D46D8E}.Debug|Any CPU.Build.0 = Debug|Any CPU
		{AA30CB1C-0C21-4FD3-AF88-B07694D46D8E}.Release|Any CPU.ActiveCfg = Release|Any CPU
		{AA30CB1C-0C21-4FD3-AF88-B07694D46D8E}.Release|Any CPU.Build.0 = Release|Any CPU
		{0959DAF7-DDCC-4930-B769-1205FA211DC2}.Debug|Any CPU.ActiveCfg = Debug|Any CPU
		{0959DAF7-DDCC-4930-B769-1205FA211DC2}.Debug|Any CPU.Build.0 = Debug|Any CPU
		{0959DAF7-DDCC-4930-B769-1205FA211DC2}.Release|Any CPU.ActiveCfg = Release|Any CPU
		{0959DAF7-DDCC-4930-B769-1205FA211DC2}.Release|Any CPU.Build.0 = Release|Any CPU
	EndGlobalSection
	GlobalSection(SolutionProperties) = preSolution
		HideSolutionNode = FALSE
	EndGlobalSection
	GlobalSection(ExtensibilityGlobals) = postSolution
		SolutionGuid = {D741D405-EA3C-4127-A44A-386C2671549C}
	EndGlobalSection
EndGlobal
